
Microsoft Visual Studio Solution File, Format Version 12.00
Project("{FAE04EC0-301F-11D3-BF4B-00C04F79EFBC}") = "TradeTool", "TradeTool\TradeTool.csproj", "{BAB36E26-F51C-43B6-B8E9-D53C98FFFA85}"
EndProject
Project("{FAE04EC0-301F-11D3-BF4B-00C04F79EFBC}") = "Tests", "Tests\Tests.csproj", "{933B3ACE-1173-460E-BD83-5205BC3502FE}"
EndProject
Global
	GlobalSection(SolutionConfigurationPlatforms) = preSolution
		Debug|Any CPU = Debug|Any CPU
		Release|Any CPU = Release|Any CPU
	EndGlobalSection
	GlobalSection(ProjectConfigurationPlatforms) = postSolution
		{BAB36E26-F51C-43B6-B8E9-D53C98FFFA85}.Debug|Any CPU.ActiveCfg = Debug|Any CPU
		{BAB36E26-F51C-43B6-B8E9-D53C98FFFA85}.Debug|Any CPU.Build.0 = Debug|Any CPU
		{BAB36E26-F51C-43B6-B8E9-D53C98FFFA85}.Release|Any CPU.ActiveCfg = Release|Any CPU
		{BAB36E26-F51C-43B6-B8E9-D53C98FFFA85}.Release|Any CPU.Build.0 = Release|Any CPU
		{933B3ACE-1173-460E-BD83-5205BC3502FE}.Debug|Any CPU.ActiveCfg = Debug|Any CPU
		{933B3ACE-1173-460E-BD83-5205BC3502FE}.Debug|Any CPU.Build.0 = Debug|Any CPU
		{933B3ACE-1173-460E-BD83-5205BC3502FE}.Release|Any CPU.ActiveCfg = Release|Any CPU
		{933B3ACE-1173-460E-BD83-5205BC3502FE}.Release|Any CPU.Build.0 = Release|Any CPU
	EndGlobalSection
EndGlobal
